// !$*UTF8*$!
{
	archiveVersion = 1;
	classes = {
	};
	objectVersion = 56;
	objects = {

/* Begin PBXBuildFile section */
		094E127C1C26DA9D715EC51E /* Pods_Eulerity.framework in Frameworks */ = {isa = PBXBuildFile; fileRef = 0C58031B67E492B59CE1C418 /* Pods_Eulerity.framework */; };
		2ADFBAD52A54611A00E2DA73 /* ViewController.swift in Sources */ = {isa = PBXBuildFile; fileRef = 2ADFBAD42A54611A00E2DA73 /* ViewController.swift */; };
		2ADFBADD2A552BC300E2DA73 /* CaptionableImageView.xib in Resources */ = {isa = PBXBuildFile; fileRef = 2ADFBADC2A552BC300E2DA73 /* CaptionableImageView.xib */; };
		2ADFBADF2A552BDF00E2DA73 /* CaptionableImageView.swift in Sources */ = {isa = PBXBuildFile; fileRef = 2ADFBADE2A552BDF00E2DA73 /* CaptionableImageView.swift */; };
		2AF759912A4D0F4D0046F486 /* AppDelegate.swift in Sources */ = {isa = PBXBuildFile; fileRef = 2AF759902A4D0F4D0046F486 /* AppDelegate.swift */; };
		2AF759932A4D0F4D0046F486 /* SceneDelegate.swift in Sources */ = {isa = PBXBuildFile; fileRef = 2AF759922A4D0F4D0046F486 /* SceneDelegate.swift */; };
		2AF759982A4D0F4D0046F486 /* Main.storyboard in Resources */ = {isa = PBXBuildFile; fileRef = 2AF759962A4D0F4D0046F486 /* Main.storyboard */; };
		2AF7599A2A4D0F4E0046F486 /* Assets.xcassets in Resources */ = {isa = PBXBuildFile; fileRef = 2AF759992A4D0F4E0046F486 /* Assets.xcassets */; };
		2AF7599D2A4D0F4E0046F486 /* LaunchScreen.storyboard in Resources */ = {isa = PBXBuildFile; fileRef = 2AF7599B2A4D0F4E0046F486 /* LaunchScreen.storyboard */; };
/* End PBXBuildFile section */

/* Begin PBXFileReference section */
		0C58031B67E492B59CE1C418 /* Pods_Eulerity.framework */ = {isa = PBXFileReference; explicitFileType = wrapper.framework; includeInIndex = 0; path = Pods_Eulerity.framework; sourceTree = BUILT_PRODUCTS_DIR; };
		2ADFBAD42A54611A00E2DA73 /* ViewController.swift */ = {isa = PBXFileReference; fileEncoding = 4; lastKnownFileType = sourcecode.swift; path = ViewController.swift; sourceTree = "<group>"; };
		2ADFBADC2A552BC300E2DA73 /* CaptionableImageView.xib */ = {isa = PBXFileReference; lastKnownFileType = file.xib; path = CaptionableImageView.xib; sourceTree = "<group>"; };
		2ADFBADE2A552BDF00E2DA73 /* CaptionableImageView.swift */ = {isa = PBXFileReference; lastKnownFileType = sourcecode.swift; path = CaptionableImageView.swift; sourceTree = "<group>"; };
		2AF7598D2A4D0F4D0046F486 /* Eulerity.app */ = {isa = PBXFileReference; explicitFileType = wrapper.application; includeInIndex = 0; path = Eulerity.app; sourceTree = BUILT_PRODUCTS_DIR; };
		2AF759902A4D0F4D0046F486 /* AppDelegate.swift */ = {isa = PBXFileReference; lastKnownFileType = sourcecode.swift; path = AppDelegate.swift; sourceTree = "<group>"; };
		2AF759922A4D0F4D0046F486 /* SceneDelegate.swift */ = {isa = PBXFileReference; lastKnownFileType = sourcecode.swift; path = SceneDelegate.swift; sourceTree = "<group>"; };
		2AF759972A4D0F4D0046F486 /* Base */ = {isa = PBXFileReference; lastKnownFileType = file.storyboard; name = Base; path = Base.lproj/Main.storyboard; sourceTree = "<group>"; };
		2AF759992A4D0F4E0046F486 /* Assets.xcassets */ = {isa = PBXFileReference; lastKnownFileType = folder.assetcatalog; path = Assets.xcassets; sourceTree = "<group>"; };
		2AF7599C2A4D0F4E0046F486 /* Base */ = {isa = PBXFileReference; lastKnownFileType = file.storyboard; name = Base; path = Base.lproj/LaunchScreen.storyboard; sourceTree = "<group>"; };
		2AF7599E2A4D0F4E0046F486 /* Info.plist */ = {isa = PBXFileReference; lastKnownFileType = text.plist.xml; path = Info.plist; sourceTree = "<group>"; };
		97A8AD26B8449E6FDDEF22CB /* Pods-Eulerity.release.xcconfig */ = {isa = PBXFileReference; includeInIndex = 1; lastKnownFileType = text.xcconfig; name = "Pods-Eulerity.release.xcconfig"; path = "Target Support Files/Pods-Eulerity/Pods-Eulerity.release.xcconfig"; sourceTree = "<group>"; };
		FA9A19E7839504B3B1CB3DB8 /* Pods-Eulerity.debug.xcconfig */ = {isa = PBXFileReference; includeInIndex = 1; lastKnownFileType = text.xcconfig; name = "Pods-Eulerity.debug.xcconfig"; path = "Target Support Files/Pods-Eulerity/Pods-Eulerity.debug.xcconfig"; sourceTree = "<group>"; };
/* End PBXFileReference section */

/* Begin PBXFrameworksBuildPhase section */
		2AF7598A2A4D0F4D0046F486 /* Frameworks */ = {
			isa = PBXFrameworksBuildPhase;
			buildActionMask = 2147483647;
			files = (
				094E127C1C26DA9D715EC51E /* Pods_Eulerity.framework in Frameworks */,
			);
			runOnlyForDeploymentPostprocessing = 0;
		};
/* End PBXFrameworksBuildPhase section */

/* Begin PBXGroup section */
		2AF759842A4D0F4D0046F486 = {
			isa = PBXGroup;
			children = (
				2AF7598F2A4D0F4D0046F486 /* Eulerity */,
				2AF7598E2A4D0F4D0046F486 /* Products */,
				77B64FFA03D3A6174480273E /* Pods */,
				F40F8EDD11A4B0579FFC0FFF /* Frameworks */,
			);
			sourceTree = "<group>";
		};
		2AF7598E2A4D0F4D0046F486 /* Products */ = {
			isa = PBXGroup;
			children = (
				2AF7598D2A4D0F4D0046F486 /* Eulerity.app */,
			);
			name = Products;
			sourceTree = "<group>";
		};
		2AF7598F2A4D0F4D0046F486 /* Eulerity */ = {
			isa = PBXGroup;
			children = (
				2AF7599E2A4D0F4E0046F486 /* Info.plist */,
				2AF759992A4D0F4E0046F486 /* Assets.xcassets */,
				2AF759902A4D0F4D0046F486 /* AppDelegate.swift */,
				2AF759922A4D0F4D0046F486 /* SceneDelegate.swift */,
				2ADFBAD42A54611A00E2DA73 /* ViewController.swift */,
				2AF7599B2A4D0F4E0046F486 /* LaunchScreen.storyboard */,
				2AF759962A4D0F4D0046F486 /* Main.storyboard */,
				2ADFBADC2A552BC300E2DA73 /* CaptionableImageView.xib */,
				2ADFBADE2A552BDF00E2DA73 /* CaptionableImageView.swift */,
			);
			path = Eulerity;
			sourceTree = "<group>";
		};
		77B64FFA03D3A6174480273E /* Pods */ = {
			isa = PBXGroup;
			children = (
				FA9A19E7839504B3B1CB3DB8 /* Pods-Eulerity.debug.xcconfig */,
				97A8AD26B8449E6FDDEF22CB /* Pods-Eulerity.release.xcconfig */,
			);
			path = Pods;
			sourceTree = "<group>";
		};
		F40F8EDD11A4B0579FFC0FFF /* Frameworks */ = {
			isa = PBXGroup;
			children = (
				0C58031B67E492B59CE1C418 /* Pods_Eulerity.framework */,
			);
			name = Frameworks;
			sourceTree = "<group>";
		};
/* End PBXGroup section */

/* Begin PBXNativeTarget section */
		2AF7598C2A4D0F4D0046F486 /* Eulerity */ = {
			isa = PBXNativeTarget;
			buildConfigurationList = 2AF759A12A4D0F4E0046F486 /* Build configuration list for PBXNativeTarget "Eulerity" */;
			buildPhases = (
				D4357542A3EB73CA91E44BC8 /* [CP] Check Pods Manifest.lock */,
				2AF759892A4D0F4D0046F486 /* Sources */,
				2AF7598A2A4D0F4D0046F486 /* Frameworks */,
				2AF7598B2A4D0F4D0046F486 /* Resources */,
				EFFFF80E8A0777A88B1E0461 /* [CP] Embed Pods Frameworks */,
			);
			buildRules = (
			);
			dependencies = (
			);
			name = Eulerity;
			productName = Eulerity;
			productReference = 2AF7598D2A4D0F4D0046F486 /* Eulerity.app */;
			productType = "com.apple.product-type.application";
		};
/* End PBXNativeTarget section */

/* Begin PBXProject section */
		2AF759852A4D0F4D0046F486 /* Project object */ = {
			isa = PBXProject;
			attributes = {
				BuildIndependentTargetsInParallel = 1;
				LastSwiftUpdateCheck = 1430;
				LastUpgradeCheck = 1430;
				TargetAttributes = {
					2AF7598C2A4D0F4D0046F486 = {
						CreatedOnToolsVersion = 14.3.1;
					};
				};
			};
			buildConfigurationList = 2AF759882A4D0F4D0046F486 /* Build configuration list for PBXProject "Eulerity" */;
			compatibilityVersion = "Xcode 14.0";
			developmentRegion = en;
			hasScannedForEncodings = 0;
			knownRegions = (
				en,
				Base,
			);
			mainGroup = 2AF759842A4D0F4D0046F486;
			productRefGroup = 2AF7598E2A4D0F4D0046F486 /* Products */;
			projectDirPath = "";
			projectRoot = "";
			targets = (
				2AF7598C2A4D0F4D0046F486 /* Eulerity */,
			);
		};
/* End PBXProject section */

/* Begin PBXResourcesBuildPhase section */
		2AF7598B2A4D0F4D0046F486 /* Resources */ = {
			isa = PBXResourcesBuildPhase;
			buildActionMask = 2147483647;
			files = (
				2AF7599D2A4D0F4E0046F486 /* LaunchScreen.storyboard in Resources */,
				2AF7599A2A4D0F4E0046F486 /* Assets.xcassets in Resources */,
				2AF759982A4D0F4D0046F486 /* Main.storyboard in Resources */,
				2ADFBADD2A552BC300E2DA73 /* CaptionableImageView.xib in Resources */,
			);
			runOnlyForDeploymentPostprocessing = 0;
		};
/* End PBXResourcesBuildPhase section */

/* Begin PBXShellScriptBuildPhase section */
		D4357542A3EB73CA91E44BC8 /* [CP] Check Pods Manifest.lock */ = {
			isa = PBXShellScriptBuildPhase;
			buildActionMask = 2147483647;
			files = (
			);
			inputFileListPaths = (
			);
			inputPaths = (
				"${PODS_PODFILE_DIR_PATH}/Podfile.lock",
				"${PODS_ROOT}/Manifest.lock",
			);
			name = "[CP] Check Pods Manifest.lock";
			outputFileListPaths = (
			);
			outputPaths = (
				"$(DERIVED_FILE_DIR)/Pods-Eulerity-checkManifestLockResult.txt",
			);
			runOnlyForDeploymentPostprocessing = 0;
			shellPath = /bin/sh;
			shellScript = "diff \"${PODS_PODFILE_DIR_PATH}/Podfile.lock\" \"${PODS_ROOT}/Manifest.lock\" > /dev/null\nif [ $? != 0 ] ; then\n    # print error to STDERR\n    echo \"error: The sandbox is not in sync with the Podfile.lock. Run 'pod install' or update your CocoaPods installation.\" >&2\n    exit 1\nfi\n# This output is used by Xcode 'outputs' to avoid re-running this script phase.\necho \"SUCCESS\" > \"${SCRIPT_OUTPUT_FILE_0}\"\n";
			showEnvVarsInLog = 0;
		};
		EFFFF80E8A0777A88B1E0461 /* [CP] Embed Pods Frameworks */ = {
			isa = PBXShellScriptBuildPhase;
			buildActionMask = 2147483647;
			files = (
			);
			inputFileListPaths = (
				"${PODS_ROOT}/Target Support Files/Pods-Eulerity/Pods-Eulerity-frameworks-${CONFIGURATION}-input-files.xcfilelist",
			);
			name = "[CP] Embed Pods Frameworks";
			outputFileListPaths = (
				"${PODS_ROOT}/Target Support Files/Pods-Eulerity/Pods-Eulerity-frameworks-${CONFIGURATION}-output-files.xcfilelist",
			);
			runOnlyForDeploymentPostprocessing = 0;
			shellPath = /bin/sh;
			shellScript = "\"${PODS_ROOT}/Target Support Files/Pods-Eulerity/Pods-Eulerity-frameworks.sh\"\n";
			showEnvVarsInLog = 0;
		};
/* End PBXShellScriptBuildPhase section */

/* Begin PBXSourcesBuildPhase section */
		2AF759892A4D0F4D0046F486 /* Sources */ = {
			isa = PBXSourcesBuildPhase;
			buildActionMask = 2147483647;
			files = (
				2ADFBAD52A54611A00E2DA73 /* ViewController.swift in Sources */,
				2ADFBADF2A552BDF00E2DA73 /* CaptionableImageView.swift in Sources */,
				2AF759912A4D0F4D0046F486 /* AppDelegate.swift in Sources */,
				2AF759932A4D0F4D0046F486 /* SceneDelegate.swift in Sources */,
			);
			runOnlyForDeploymentPostprocessing = 0;
		};
/* End PBXSourcesBuildPhase section */

/* Begin PBXVariantGroup section */
		2AF759962A4D0F4D0046F486 /* Main.storyboard */ = {
			isa = PBXVariantGroup;
			children = (
				2AF759972A4D0F4D0046F486 /* Base */,
			);
			name = Main.storyboard;
			sourceTree = "<group>";
		};
		2AF7599B2A4D0F4E0046F486 /* LaunchScreen.storyboard */ = {
			isa = PBXVariantGroup;
			children = (
				2AF7599C2A4D0F4E0046F486 /* Base */,
			);
			name = LaunchScreen.storyboard;
			sourceTree = "<group>";
		};
/* End PBXVariantGroup section */

/* Begin XCBuildConfiguration section */
		2AF7599F2A4D0F4E0046F486 /* Debug */ = {
			isa = XCBuildConfiguration;
			buildSettings = {
				ALWAYS_SEARCH_USER_PATHS = NO;
				CLANG_ANALYZER_NONNULL = YES;
				CLANG_ANALYZER_NUMBER_OBJECT_CONVERSION = YES_AGGRESSIVE;
				CLANG_CXX_LANGUAGE_STANDARD = "gnu++20";
				CLANG_ENABLE_MODULES = YES;
				CLANG_ENABLE_OBJC_ARC = YES;
				CLANG_ENABLE_OBJC_WEAK = YES;
				CLANG_WARN_BLOCK_CAPTURE_AUTORELEASING = YES;
				CLANG_WARN_BOOL_CONVERSION = YES;
				CLANG_WARN_COMMA = YES;
				CLANG_WARN_CONSTANT_CONVERSION = YES;
				CLANG_WARN_DEPRECATED_OBJC_IMPLEMENTATIONS = YES;
				CLANG_WARN_DIRECT_OBJC_ISA_USAGE = YES_ERROR;
				CLANG_WARN_DOCUMENTATION_COMMENTS = YES;
				CLANG_WARN_EMPTY_BODY = YES;
				CLANG_WARN_ENUM_CONVERSION = YES;
				CLANG_WARN_INFINITE_RECURSION = YES;
				CLANG_WARN_INT_CONVERSION = YES;
				CLANG_WARN_NON_LITERAL_NULL_CONVERSION = YES;
				CLANG_WARN_OBJC_IMPLICIT_RETAIN_SELF = YES;
				CLANG_WARN_OBJC_LITERAL_CONVERSION = YES;
				CLANG_WARN_OBJC_ROOT_CLASS = YES_ERROR;
				CLANG_WARN_QUOTED_INCLUDE_IN_FRAMEWORK_HEADER = YES;
				CLANG_WARN_RANGE_LOOP_ANALYSIS = YES;
				CLANG_WARN_STRICT_PROTOTYPES = YES;
				CLANG_WARN_SUSPICIOUS_MOVE = YES;
				CLANG_WARN_UNGUARDED_AVAILABILITY = YES_AGGRESSIVE;
				CLANG_WARN_UNREACHABLE_CODE = YES;
				CLANG_WARN__DUPLICATE_METHOD_MATCH = YES;
				COPY_PHASE_STRIP = NO;
				DEBUG_INFORMATION_FORMAT = dwarf;
				ENABLE_STRICT_OBJC_MSGSEND = YES;
				ENABLE_TESTABILITY = YES;
				GCC_C_LANGUAGE_STANDARD = gnu11;
				GCC_DYNAMIC_NO_PIC = NO;
				GCC_NO_COMMON_BLOCKS = YES;
				GCC_OPTIMIZATION_LEVEL = 0;
				GCC_PREPROCESSOR_DEFINITIONS = (
					"DEBUG=1",
					"$(inherited)",
				);
				GCC_WARN_64_TO_32_BIT_CONVERSION = YES;
				GCC_WARN_ABOUT_RETURN_TYPE = YES_ERROR;
				GCC_WARN_UNDECLARED_SELECTOR = YES;
				GCC_WARN_UNINITIALIZED_AUTOS = YES_AGGRESSIVE;
				GCC_WARN_UNUSED_FUNCTION = YES;
				GCC_WARN_UNUSED_VARIABLE = YES;
				IPHONEOS_DEPLOYMENT_TARGET = 16.4;
				MTL_ENABLE_DEBUG_INFO = INCLUDE_SOURCE;
				MTL_FAST_MATH = YES;
				ONLY_ACTIVE_ARCH = YES;
				SDKROOT = iphoneos;
				SWIFT_ACTIVE_COMPILATION_CONDITIONS = DEBUG;
				SWIFT_OPTIMIZATION_LEVEL = "-Onone";
			};
			name = Debug;
		};
		2AF759A02A4D0F4E0046F486 /* Release */ = {
			isa = XCBuildConfiguration;
			buildSettings = {
				ALWAYS_SEARCH_USER_PATHS = NO;
				CLANG_ANALYZER_NONNULL = YES;
				CLANG_ANALYZER_NUMBER_OBJECT_CONVERSION = YES_AGGRESSIVE;
				CLANG_CXX_LANGUAGE_STANDARD = "gnu++20";
				CLANG_ENABLE_MODULES = YES;
				CLANG_ENABLE_OBJC_ARC = YES;
				CLANG_ENABLE_OBJC_WEAK = YES;
				CLANG_WARN_BLOCK_CAPTURE_AUTORELEASING = YES;
				CLANG_WARN_BOOL_CONVERSION = YES;
				CLANG_WARN_COMMA = YES;
				CLANG_WARN_CONSTANT_CONVERSION = YES;
				CLANG_WARN_DEPRECATED_OBJC_IMPLEMENTATIONS = YES;
				CLANG_WARN_DIRECT_OBJC_ISA_USAGE = YES_ERROR;
				CLANG_WARN_DOCUMENTATION_COMMENTS = YES;
				CLANG_WARN_EMPTY_BODY = YES;
				CLANG_WARN_ENUM_CONVERSION = YES;
				CLANG_WARN_INFINITE_RECURSION = YES;
				CLANG_WARN_INT_CONVERSION = YES;
				CLANG_WARN_NON_LITERAL_NULL_CONVERSION = YES;
				CLANG_WARN_OBJC_IMPLICIT_RETAIN_SELF = YES;
				CLANG_WARN_OBJC_LITERAL_CONVERSION = YES;
				CLANG_WARN_OBJC_ROOT_CLASS = YES_ERROR;
				CLANG_WARN_QUOTED_INCLUDE_IN_FRAMEWORK_HEADER = YES;
				CLANG_WARN_RANGE_LOOP_ANALYSIS = YES;
				CLANG_WARN_STRICT_PROTOTYPES = YES;
				CLANG_WARN_SUSPICIOUS_MOVE = YES;
				CLANG_WARN_UNGUARDED_AVAILABILITY = YES_AGGRESSIVE;
				CLANG_WARN_UNREACHABLE_CODE = YES;
				CLANG_WARN__DUPLICATE_METHOD_MATCH = YES;
				COPY_PHASE_STRIP = NO;
				DEBUG_INFORMATION_FORMAT = "dwarf-with-dsym";
				ENABLE_NS_ASSERTIONS = NO;
				ENABLE_STRICT_OBJC_MSGSEND = YES;
				GCC_C_LANGUAGE_STANDARD = gnu11;
				GCC_NO_COMMON_BLOCKS = YES;
				GCC_WARN_64_TO_32_BIT_CONVERSION = YES;
				GCC_WARN_ABOUT_RETURN_TYPE = YES_ERROR;
				GCC_WARN_UNDECLARED_SELECTOR = YES;
				GCC_WARN_UNINITIALIZED_AUTOS = YES_AGGRESSIVE;
				GCC_WARN_UNUSED_FUNCTION = YES;
				GCC_WARN_UNUSED_VARIABLE = YES;
				IPHONEOS_DEPLOYMENT_TARGET = 16.4;
				MTL_ENABLE_DEBUG_INFO = NO;
				MTL_FAST_MATH = YES;
				SDKROOT = iphoneos;
				SWIFT_COMPILATION_MODE = wholemodule;
				SWIFT_OPTIMIZATION_LEVEL = "-O";
				VALIDATE_PRODUCT = YES;
			};
			name = Release;
		};
		2AF759A22A4D0F4E0046F486 /* Debug */ = {
			isa = XCBuildConfiguration;
			baseConfigurationReference = FA9A19E7839504B3B1CB3DB8 /* Pods-Eulerity.debug.xcconfig */;
			buildSettings = {
				ASSETCATALOG_COMPILER_APPICON_NAME = AppIcon;
				ASSETCATALOG_COMPILER_GLOBAL_ACCENT_COLOR_NAME = AccentColor;
				CODE_SIGN_STYLE = Automatic;
				CURRENT_PROJECT_VERSION = 1;
				DEVELOPMENT_TEAM = 2M5H6T53K2;
				GENERATE_INFOPLIST_FILE = YES;
				INFOPLIST_FILE = Eulerity/Info.plist;
				INFOPLIST_KEY_UIApplicationSupportsIndirectInputEvents = YES;
				INFOPLIST_KEY_UILaunchStoryboardName = LaunchScreen;
				INFOPLIST_KEY_UIMainStoryboardFile = Main;
				INFOPLIST_KEY_UISupportedInterfaceOrientations_iPad = "UIInterfaceOrientationPortrait UIInterfaceOrientationPortraitUpsideDown UIInterfaceOrientationLandscapeLeft UIInterfaceOrientationLandscapeRight";
				INFOPLIST_KEY_UISupportedInterfaceOrientations_iPhone = "UIInterfaceOrientationPortrait UIInterfaceOrientationLandscapeLeft UIInterfaceOrientationLandscapeRight";
				IPHONEOS_DEPLOYMENT_TARGET = 16.1;
				LD_RUNPATH_SEARCH_PATHS = (
					"$(inherited)",
					"@executable_path/Frameworks",
				);
				MARKETING_VERSION = 1.0;
				PRODUCT_BUNDLE_IDENTIFIER = fiu.Eulerity;
				PRODUCT_NAME = "$(TARGET_NAME)";
				SWIFT_EMIT_LOC_STRINGS = YES;
				SWIFT_VERSION = 5.0;
				TARGETED_DEVICE_FAMILY = "1,2";
			};
			name = Debug;
		};
		2AF759A32A4D0F4E0046F486 /* Release */ = {
			isa = XCBuildConfiguration;
			baseConfigurationReference = 97A8AD26B8449E6FDDEF22CB /* Pods-Eulerity.release.xcconfig */;
			buildSettings = {
				ASSETCATALOG_COMPILER_APPICON_NAME = AppIcon;
				ASSETCATALOG_COMPILER_GLOBAL_ACCENT_COLOR_NAME = AccentColor;
				CODE_SIGN_STYLE = Automatic;
				CURRENT_PROJECT_VERSION = 1;
				DEVELOPMENT_TEAM = 2M5H6T53K2;
				GENERATE_INFOPLIST_FILE = YES;
				INFOPLIST_FILE = Eulerity/Info.plist;
				INFOPLIST_KEY_UIApplicationSupportsIndirectInputEvents = YES;
				INFOPLIST_KEY_UILaunchStoryboardName = LaunchScreen;
				INFOPLIST_KEY_UIMainStoryboardFile = Main;
				INFOPLIST_KEY_UISupportedInterfaceOrientations_iPad = "UIInterfaceOrientationPortrait UIInterfaceOrientationPortraitUpsideDown UIInterfaceOrientationLandscapeLeft UIInterfaceOrientationLandscapeRight";
				INFOPLIST_KEY_UISupportedInterfaceOrientations_iPhone = "UIInterfaceOrientationPortrait UIInterfaceOrientationLandscapeLeft UIInterfaceOrientationLandscapeRight";
				IPHONEOS_DEPLOYMENT_TARGET = 16.1;
				LD_RUNPATH_SEARCH_PATHS = (
					"$(inherited)",
					"@executable_path/Frameworks",
				);
				MARKETING_VERSION = 1.0;
				PRODUCT_BUNDLE_IDENTIFIER = fiu.Eulerity;
				PRODUCT_NAME = "$(TARGET_NAME)";
				SWIFT_EMIT_LOC_STRINGS = YES;
				SWIFT_VERSION = 5.0;
				TARGETED_DEVICE_FAMILY = "1,2";
			};
			name = Release;
		};
/* End XCBuildConfiguration section */

/* Begin XCConfigurationList section */
		2AF759882A4D0F4D0046F486 /* Build configuration list for PBXProject "Eulerity" */ = {
			isa = XCConfigurationList;
			buildConfigurations = (
				2AF7599F2A4D0F4E0046F486 /* Debug */,
				2AF759A02A4D0F4E0046F486 /* Release */,
			);
			defaultConfigurationIsVisible = 0;
			defaultConfigurationName = Release;
		};
		2AF759A12A4D0F4E0046F486 /* Build configuration list for PBXNativeTarget "Eulerity" */ = {
			isa = XCConfigurationList;
			buildConfigurations = (
				2AF759A22A4D0F4E0046F486 /* Debug */,
				2AF759A32A4D0F4E0046F486 /* Release */,
			);
			defaultConfigurationIsVisible = 0;
			defaultConfigurationName = Release;
		};
/* End XCConfigurationList section */
	};
	rootObject = 2AF759852A4D0F4D0046F486 /* Project object */;
}
